// !$*UTF8*$!
{
	archiveVersion = 1;
	classes = {
	};
	objectVersion = 46;
	objects = {

/* Begin PBXBuildFile section */
		76DF3E5E1B236BBD00DCB36A /* AppDelegate.swift in Sources */ = {isa = PBXBuildFile; fileRef = 76DF3E5D1B236BBD00DCB36A /* AppDelegate.swift */; };
		76DF3E631B236BBD00DCB36A /* Main.storyboard in Resources */ = {isa = PBXBuildFile; fileRef = 76DF3E611B236BBD00DCB36A /* Main.storyboard */; };
		76DF3E651B236BBD00DCB36A /* Images.xcassets in Resources */ = {isa = PBXBuildFile; fileRef = 76DF3E641B236BBD00DCB36A /* Images.xcassets */; };
		76DF3E681B236BBD00DCB36A /* LaunchScreen.xib in Resources */ = {isa = PBXBuildFile; fileRef = 76DF3E661B236BBD00DCB36A /* LaunchScreen.xib */; };
		76DF3E741B236BBD00DCB36A /* SharingDetailTableViewTests.swift in Sources */ = {isa = PBXBuildFile; fileRef = 76DF3E731B236BBD00DCB36A /* SharingDetailTableViewTests.swift */; };
		76DF3E801B236C1900DCB36A /* SettingsViewController.swift in Sources */ = {isa = PBXBuildFile; fileRef = 76DF3E7F1B236C1900DCB36A /* SettingsViewController.swift */; };
		76DF3E821B236C2200DCB36A /* DetailTableViewController.swift in Sources */ = {isa = PBXBuildFile; fileRef = 76DF3E811B236C2200DCB36A /* DetailTableViewController.swift */; };
/* End PBXBuildFile section */

/* Begin PBXContainerItemProxy section */
		76DF3E6E1B236BBD00DCB36A /* PBXContainerItemProxy */ = {
			isa = PBXContainerItemProxy;
			containerPortal = 76DF3E501B236BBD00DCB36A /* Project object */;
			proxyType = 1;
			remoteGlobalIDString = 76DF3E571B236BBD00DCB36A;
			remoteInfo = SharingDetailTableView;
		};
/* End PBXContainerItemProxy section */

/* Begin PBXFileReference section */
		76DF3E581B236BBD00DCB36A /* SharingDetailTableView.app */ = {isa = PBXFileReference; explicitFileType = wrapper.application; includeInIndex = 0; path = SharingDetailTableView.app; sourceTree = BUILT_PRODUCTS_DIR; };
		76DF3E5C1B236BBD00DCB36A /* Info.plist */ = {isa = PBXFileReference; lastKnownFileType = text.plist.xml; path = Info.plist; sourceTree = "<group>"; };
		76DF3E5D1B236BBD00DCB36A /* AppDelegate.swift */ = {isa = PBXFileReference; lastKnownFileType = sourcecode.swift; path = AppDelegate.swift; sourceTree = "<group>"; };
		76DF3E621B236BBD00DCB36A /* Base */ = {isa = PBXFileReference; lastKnownFileType = file.storyboard; name = Base; path = Base.lproj/Main.storyboard; sourceTree = "<group>"; };
		76DF3E641B236BBD00DCB36A /* Images.xcassets */ = {isa = PBXFileReference; lastKnownFileType = folder.assetcatalog; path = Images.xcassets; sourceTree = "<group>"; };
		76DF3E671B236BBD00DCB36A /* Base */ = {isa = PBXFileReference; lastKnownFileType = file.xib; name = Base; path = Base.lproj/LaunchScreen.xib; sourceTree = "<group>"; };
		76DF3E6D1B236BBD00DCB36A /* SharingDetailTableViewTests.xctest */ = {isa = PBXFileReference; explicitFileType = wrapper.cfbundle; includeInIndex = 0; path = SharingDetailTableViewTests.xctest; sourceTree = BUILT_PRODUCTS_DIR; };
		76DF3E721B236BBD00DCB36A /* Info.plist */ = {isa = PBXFileReference; lastKnownFileType = text.plist.xml; path = Info.plist; sourceTree = "<group>"; };
		76DF3E731B236BBD00DCB36A /* SharingDetailTableViewTests.swift */ = {isa = PBXFileReference; lastKnownFileType = sourcecode.swift; path = SharingDetailTableViewTests.swift; sourceTree = "<group>"; };
		76DF3E7F1B236C1900DCB36A /* SettingsViewController.swift */ = {isa = PBXFileReference; fileEncoding = 4; lastKnownFileType = sourcecode.swift; path = SettingsViewController.swift; sourceTree = "<group>"; };
		76DF3E811B236C2200DCB36A /* DetailTableViewController.swift */ = {isa = PBXFileReference; fileEncoding = 4; lastKnownFileType = sourcecode.swift; path = DetailTableViewController.swift; sourceTree = "<group>"; };
/* End PBXFileReference section */

/* Begin PBXFrameworksBuildPhase section */
		76DF3E551B236BBD00DCB36A /* Frameworks */ = {
			isa = PBXFrameworksBuildPhase;
			buildActionMask = 2147483647;
			files = (
			);
			runOnlyForDeploymentPostprocessing = 0;
		};
		76DF3E6A1B236BBD00DCB36A /* Frameworks */ = {
			isa = PBXFrameworksBuildPhase;
			buildActionMask = 2147483647;
			files = (
			);
			runOnlyForDeploymentPostprocessing = 0;
		};
/* End PBXFrameworksBuildPhase section */

/* Begin PBXGroup section */
		76DF3E4F1B236BBD00DCB36A = {
			isa = PBXGroup;
			children = (
				76DF3E7F1B236C1900DCB36A /* SettingsViewController.swift */,
				76DF3E811B236C2200DCB36A /* DetailTableViewController.swift */,
				76DF3E5A1B236BBD00DCB36A /* SharingDetailTableView */,
				76DF3E701B236BBD00DCB36A /* SharingDetailTableViewTests */,
				76DF3E591B236BBD00DCB36A /* Products */,
			);
			sourceTree = "<group>";
		};
		76DF3E591B236BBD00DCB36A /* Products */ = {
			isa = PBXGroup;
			children = (
				76DF3E581B236BBD00DCB36A /* SharingDetailTableView.app */,
				76DF3E6D1B236BBD00DCB36A /* SharingDetailTableViewTests.xctest */,
			);
			name = Products;
			sourceTree = "<group>";
		};
		76DF3E5A1B236BBD00DCB36A /* SharingDetailTableView */ = {
			isa = PBXGroup;
			children = (
				76DF3E5D1B236BBD00DCB36A /* AppDelegate.swift */,
				76DF3E611B236BBD00DCB36A /* Main.storyboard */,
				76DF3E641B236BBD00DCB36A /* Images.xcassets */,
				76DF3E661B236BBD00DCB36A /* LaunchScreen.xib */,
				76DF3E5B1B236BBD00DCB36A /* Supporting Files */,
			);
			path = SharingDetailTableView;
			sourceTree = "<group>";
		};
		76DF3E5B1B236BBD00DCB36A /* Supporting Files */ = {
			isa = PBXGroup;
			children = (
				76DF3E5C1B236BBD00DCB36A /* Info.plist */,
			);
			name = "Supporting Files";
			sourceTree = "<group>";
		};
		76DF3E701B236BBD00DCB36A /* SharingDetailTableViewTests */ = {
			isa = PBXGroup;
			children = (
				76DF3E731B236BBD00DCB36A /* SharingDetailTableViewTests.swift */,
				76DF3E711B236BBD00DCB36A /* Supporting Files */,
			);
			path = SharingDetailTableViewTests;
			sourceTree = "<group>";
		};
		76DF3E711B236BBD00DCB36A /* Supporting Files */ = {
			isa = PBXGroup;
			children = (
				76DF3E721B236BBD00DCB36A /* Info.plist */,
			);
			name = "Supporting Files";
			sourceTree = "<group>";
		};
/* End PBXGroup section */

/* Begin PBXNativeTarget section */
		76DF3E571B236BBD00DCB36A /* SharingDetailTableView */ = {
			isa = PBXNativeTarget;
			buildConfigurationList = 76DF3E771B236BBD00DCB36A /* Build configuration list for PBXNativeTarget "SharingDetailTableView" */;
			buildPhases = (
				76DF3E541B236BBD00DCB36A /* Sources */,
				76DF3E551B236BBD00DCB36A /* Frameworks */,
				76DF3E561B236BBD00DCB36A /* Resources */,
			);
			buildRules = (
			);
			dependencies = (
			);
			name = SharingDetailTableView;
			productName = SharingDetailTableView;
			productReference = 76DF3E581B236BBD00DCB36A /* SharingDetailTableView.app */;
			productType = "com.apple.product-type.application";
		};
		76DF3E6C1B236BBD00DCB36A /* SharingDetailTableViewTests */ = {
			isa = PBXNativeTarget;
			buildConfigurationList = 76DF3E7A1B236BBD00DCB36A /* Build configuration list for PBXNativeTarget "SharingDetailTableViewTests" */;
			buildPhases = (
				76DF3E691B236BBD00DCB36A /* Sources */,
				76DF3E6A1B236BBD00DCB36A /* Frameworks */,
				76DF3E6B1B236BBD00DCB36A /* Resources */,
			);
			buildRules = (
			);
			dependencies = (
				76DF3E6F1B236BBD00DCB36A /* PBXTargetDependency */,
			);
			name = SharingDetailTableViewTests;
			productName = SharingDetailTableViewTests;
			productReference = 76DF3E6D1B236BBD00DCB36A /* SharingDetailTableViewTests.xctest */;
			productType = "com.apple.product-type.bundle.unit-test";
		};
/* End PBXNativeTarget section */

/* Begin PBXProject section */
		76DF3E501B236BBD00DCB36A /* Project object */ = {
			isa = PBXProject;
			attributes = {
				LastUpgradeCheck = 0620;
				ORGANIZATIONNAME = shomigo.com;
				TargetAttributes = {
					76DF3E571B236BBD00DCB36A = {
						CreatedOnToolsVersion = 6.2;
					};
					76DF3E6C1B236BBD00DCB36A = {
						CreatedOnToolsVersion = 6.2;
						TestTargetID = 76DF3E571B236BBD00DCB36A;
					};
				};
			};
			buildConfigurationList = 76DF3E531B236BBD00DCB36A /* Build configuration list for PBXProject "SharingDetailTableView" */;
			compatibilityVersion = "Xcode 3.2";
			developmentRegion = English;
			hasScannedForEncodings = 0;
			knownRegions = (
				en,
				Base,
			);
			mainGroup = 76DF3E4F1B236BBD00DCB36A;
			productRefGroup = 76DF3E591B236BBD00DCB36A /* Products */;
			projectDirPath = "";
			projectRoot = "";
			targets = (
				76DF3E571B236BBD00DCB36A /* SharingDetailTableView */,
				76DF3E6C1B236BBD00DCB36A /* SharingDetailTableViewTests */,
			);
		};
/* End PBXProject section */

/* Begin PBXResourcesBuildPhase section */
		76DF3E561B236BBD00DCB36A /* Resources */ = {
			isa = PBXResourcesBuildPhase;
			buildActionMask = 2147483647;
			files = (
				76DF3E631B236BBD00DCB36A /* Main.storyboard in Resources */,
				76DF3E681B236BBD00DCB36A /* LaunchScreen.xib in Resources */,
				76DF3E651B236BBD00DCB36A /* Images.xcassets in Resources */,
			);
			runOnlyForDeploymentPostprocessing = 0;
		};
		76DF3E6B1B236BBD00DCB36A /* Resources */ = {
			isa = PBXResourcesBuildPhase;
			buildActionMask = 2147483647;
			files = (
			);
			runOnlyForDeploymentPostprocessing = 0;
		};
/* End PBXResourcesBuildPhase section */

/* Begin PBXSourcesBuildPhase section */
		76DF3E541B236BBD00DCB36A /* Sources */ = {
			isa = PBXSourcesBuildPhase;
			buildActionMask = 2147483647;
			files = (
				76DF3E821B236C2200DCB36A /* DetailTableViewController.swift in Sources */,
				76DF3E5E1B236BBD00DCB36A /* AppDelegate.swift in Sources */,
				76DF3E801B236C1900DCB36A /* SettingsViewController.swift in Sources */,
			);
			runOnlyForDeploymentPostprocessing = 0;
		};
		76DF3E691B236BBD00DCB36A /* Sources */ = {
			isa = PBXSourcesBuildPhase;
			buildActionMask = 2147483647;
			files = (
				76DF3E741B236BBD00DCB36A /* SharingDetailTableViewTests.swift in Sources */,
			);
			runOnlyForDeploymentPostprocessing = 0;
		};
/* End PBXSourcesBuildPhase section */

/* Begin PBXTargetDependency section */
		76DF3E6F1B236BBD00DCB36A /* PBXTargetDependency */ = {
			isa = PBXTargetDependency;
			target = 76DF3E571B236BBD00DCB36A /* SharingDetailTableView */;
			targetProxy = 76DF3E6E1B236BBD00DCB36A /* PBXContainerItemProxy */;
		};
/* End PBXTargetDependency section */

/* Begin PBXVariantGroup section */
		76DF3E611B236BBD00DCB36A /* Main.storyboard */ = {
			isa = PBXVariantGroup;
			children = (
				76DF3E621B236BBD00DCB36A /* Base */,
			);
			name = Main.storyboard;
			sourceTree = "<group>";
		};
		76DF3E661B236BBD00DCB36A /* LaunchScreen.xib */ = {
			isa = PBXVariantGroup;
			children = (
				76DF3E671B236BBD00DCB36A /* Base */,
			);
			name = LaunchScreen.xib;
			sourceTree = "<group>";
		};
/* End PBXVariantGroup section */

/* Begin XCBuildConfiguration section */
		76DF3E751B236BBD00DCB36A /* Debug */ = {
			isa = XCBuildConfiguration;
			buildSettings = {
				ALWAYS_SEARCH_USER_PATHS = NO;
				CLANG_CXX_LANGUAGE_STANDARD = "gnu++0x";
				CLANG_CXX_LIBRARY = "libc++";
				CLANG_ENABLE_MODULES = YES;
				CLANG_ENABLE_OBJC_ARC = YES;
				CLANG_WARN_BOOL_CONVERSION = YES;
				CLANG_WARN_CONSTANT_CONVERSION = YES;
				CLANG_WARN_DIRECT_OBJC_ISA_USAGE = YES_ERROR;
				CLANG_WARN_EMPTY_BODY = YES;
				CLANG_WARN_ENUM_CONVERSION = YES;
				CLANG_WARN_INT_CONVERSION = YES;
				CLANG_WARN_OBJC_ROOT_CLASS = YES_ERROR;
				CLANG_WARN_UNREACHABLE_CODE = YES;
				CLANG_WARN__DUPLICATE_METHOD_MATCH = YES;
				"CODE_SIGN_IDENTITY[sdk=iphoneos*]" = "iPhone Developer";
				COPY_PHASE_STRIP = NO;
				ENABLE_STRICT_OBJC_MSGSEND = YES;
				GCC_C_LANGUAGE_STANDARD = gnu99;
				GCC_DYNAMIC_NO_PIC = NO;
				GCC_OPTIMIZATION_LEVEL = 0;
				GCC_PREPROCESSOR_DEFINITIONS = (
					"DEBUG=1",
					"$(inherited)",
				);
				GCC_SYMBOLS_PRIVATE_EXTERN = NO;
				GCC_WARN_64_TO_32_BIT_CONVERSION = YES;
				GCC_WARN_ABOUT_RETURN_TYPE = YES_ERROR;
				GCC_WARN_UNDECLARED_SELECTOR = YES;
				GCC_WARN_UNINITIALIZED_AUTOS = YES_AGGRESSIVE;
				GCC_WARN_UNUSED_FUNCTION = YES;
				GCC_WARN_UNUSED_VARIABLE = YES;
				IPHONEOS_DEPLOYMENT_TARGET = 8.2;
				MTL_ENABLE_DEBUG_INFO = YES;
				ONLY_ACTIVE_ARCH = YES;
				SDKROOT = iphoneos;
				SWIFT_OPTIMIZATION_LEVEL = "-Onone";
				TARGETED_DEVICE_FAMILY = "1,2";
			};
			name = Debug;
		};
		76DF3E761B236BBD00DCB36A /* Release */ = {
			isa = XCBuildConfiguration;
			buildSettings = {
				ALWAYS_SEARCH_USER_PATHS = NO;
				CLANG_CXX_LANGUAGE_STANDARD = "gnu++0x";
				CLANG_CXX_LIBRARY = "libc++";
				CLANG_ENABLE_MODULES = YES;
				CLANG_ENABLE_OBJC_ARC = YES;
				CLANG_WARN_BOOL_CONVERSION = YES;
				CLANG_WARN_CONSTANT_CONVERSION = YES;
				CLANG_WARN_DIRECT_OBJC_ISA_USAGE = YES_ERROR;
				CLANG_WARN_EMPTY_BODY = YES;
				CLANG_WARN_ENUM_CONVERSION = YES;
				CLANG_WARN_INT_CONVERSION = YES;
				CLANG_WARN_OBJC_ROOT_CLASS = YES_ERROR;
				CLANG_WARN_UNREACHABLE_CODE = YES;
				CLANG_WARN__DUPLICATE_METHOD_MATCH = YES;
				"CODE_SIGN_IDENTITY[sdk=iphoneos*]" = "iPhone Developer";
				COPY_PHASE_STRIP = NO;
				ENABLE_NS_ASSERTIONS = NO;
				ENABLE_STRICT_OBJC_MSGSEND = YES;
				GCC_C_LANGUAGE_STANDARD = gnu99;
				GCC_WARN_64_TO_32_BIT_CONVERSION = YES;
				GCC_WARN_ABOUT_RETURN_TYPE = YES_ERROR;
				GCC_WARN_UNDECLARED_SELECTOR = YES;
				GCC_WARN_UNINITIALIZED_AUTOS = YES_AGGRESSIVE;
				GCC_WARN_UNUSED_FUNCTION = YES;
				GCC_WARN_UNUSED_VARIABLE = YES;
				IPHONEOS_DEPLOYMENT_TARGET = 8.2;
				MTL_ENABLE_DEBUG_INFO = NO;
				SDKROOT = iphoneos;
				TARGETED_DEVICE_FAMILY = "1,2";
				VALIDATE_PRODUCT = YES;
			};
			name = Release;
		};
		76DF3E781B236BBD00DCB36A /* Debug */ = {
			isa = XCBuildConfiguration;
			buildSettings = {
				ASSETCATALOG_COMPILER_APPICON_NAME = AppIcon;
				INFOPLIST_FILE = SharingDetailTableView/Info.plist;
				LD_RUNPATH_SEARCH_PATHS = "$(inherited) @executable_path/Frameworks";
				PRODUCT_NAME = "$(TARGET_NAME)";
			};
			name = Debug;
		};
		76DF3E791B236BBD00DCB36A /* Release */ = {
			isa = XCBuildConfiguration;
			buildSettings = {
				ASSETCATALOG_COMPILER_APPICON_NAME = AppIcon;
				INFOPLIST_FILE = SharingDetailTableView/Info.plist;
				LD_RUNPATH_SEARCH_PATHS = "$(inherited) @executable_path/Frameworks";
				PRODUCT_NAME = "$(TARGET_NAME)";
			};
			name = Release;
		};
		76DF3E7B1B236BBD00DCB36A /* Debug */ = {
			isa = XCBuildConfiguration;
			buildSettings = {
				BUNDLE_LOADER = "$(TEST_HOST)";
				FRAMEWORK_SEARCH_PATHS = (
					"$(SDKROOT)/Developer/Library/Frameworks",
					"$(inherited)",
				);
				GCC_PREPROCESSOR_DEFINITIONS = (
					"DEBUG=1",
					"$(inherited)",
				);
				INFOPLIST_FILE = SharingDetailTableViewTests/Info.plist;
				LD_RUNPATH_SEARCH_PATHS = "$(inherited) @executable_path/Frameworks @loader_path/Frameworks";
				PRODUCT_NAME = "$(TARGET_NAME)";
				TEST_HOST = "$(BUILT_PRODUCTS_DIR)/SharingDetailTableView.app/SharingDetailTableView";
			};
			name = Debug;
		};
		76DF3E7C1B236BBD00DCB36A /* Release */ = {
			isa = XCBuildConfiguration;
			buildSettings = {
				BUNDLE_LOADER = "$(TEST_HOST)";
				FRAMEWORK_SEARCH_PATHS = (
					"$(SDKROOT)/Developer/Library/Frameworks",
					"$(inherited)",
				);
				INFOPLIST_FILE = SharingDetailTableViewTests/Info.plist;
				LD_RUNPATH_SEARCH_PATHS = "$(inherited) @executable_path/Frameworks @loader_path/Frameworks";
				PRODUCT_NAME = "$(TARGET_NAME)";
				TEST_HOST = "$(BUILT_PRODUCTS_DIR)/SharingDetailTableView.app/SharingDetailTableView";
			};
			name = Release;
		};
/* End XCBuildConfiguration section */

/* Begin XCConfigurationList section */
		76DF3E531B236BBD00DCB36A /* Build configuration list for PBXProject "SharingDetailTableView" */ = {
			isa = XCConfigurationList;
			buildConfigurations = (
				76DF3E751B236BBD00DCB36A /* Debug */,
				76DF3E761B236BBD00DCB36A /* Release */,
			);
			defaultConfigurationIsVisible = 0;
			defaultConfigurationName = Release;
		};
		76DF3E771B236BBD00DCB36A /* Build configuration list for PBXNativeTarget "SharingDetailTableView" */ = {
			isa = XCConfigurationList;
			buildConfigurations = (
				76DF3E781B236BBD00DCB36A /* Debug */,
				76DF3E791B236BBD00DCB36A /* Release */,
			);
			defaultConfigurationIsVisible = 0;
		};
		76DF3E7A1B236BBD00DCB36A /* Build configuration list for PBXNativeTarget "SharingDetailTableViewTests" */ = {
			isa = XCConfigurationList;
			buildConfigurations = (
				76DF3E7B1B236BBD00DCB36A /* Debug */,
				76DF3E7C1B236BBD00DCB36A /* Release */,
			);
			defaultConfigurationIsVisible = 0;
		};
/* End XCConfigurationList section */
	};
	rootObject = 76DF3E501B236BBD00DCB36A /* Project object */;
}
